
Microsoft Visual Studio Solution File, Format Version 12.00
# Visual Studio Version 16
VisualStudioVersion = 16.0.30611.23
MinimumVisualStudioVersion = 10.0.40219.1
Project("{FAE04EC0-301F-11D3-BF4B-00C04F79EFBC}") = "edge detect", "edge detect\edge detect.csproj", "{3480780F-646B-4617-ABAC-801AACCC87DD}"
EndProject
Global
	GlobalSection(SolutionConfigurationPlatforms) = preSolution
		Debug|Any CPU = Debug|Any CPU
		Release|Any CPU = Release|Any CPU
	EndGlobalSection
	GlobalSection(ProjectConfigurationPlatforms) = postSolution
		{3480780F-646B-4617-ABAC-801AACCC87DD}.Debug|Any CPU.ActiveCfg = Debug|Any CPU
		{3480780F-646B-4617-ABAC-801AACCC87DD}.Debug|Any CPU.Build.0 = Debug|Any CPU
		{3480780F-646B-4617-ABAC-801AACCC87DD}.Release|Any CPU.ActiveCfg = Release|Any CPU
		{3480780F-646B-4617-ABAC-801AACCC87DD}.Release|Any CPU.Build.0 = Release|Any CPU
	EndGlobalSection
	GlobalSection(SolutionProperties) = preSolution
		HideSolutionNode = FALSE
	EndGlobalSection
	GlobalSection(ExtensibilityGlobals) = postSolution
		SolutionGuid = {E2332286-3178-4A07-8EF2-6CE71B930762}
	EndGlobalSection
EndGlobal
